
Microsoft Visual Studio Solution File, Format Version 12.00
# Visual Studio Version 16
VisualStudioVersion = 16.0.30804.86
MinimumVisualStudioVersion = 10.0.40219.1
Project("{FAE04EC0-301F-11D3-BF4B-00C04F79EFBC}") = "MyIosApp", "MyIosApp.csproj", "{400AC06C-C5C9-4D84-B848-21A4BA9C0FD2}"
EndProject
Global
	GlobalSection(SolutionConfigurationPlatforms) = preSolution
		Debug|iPhone = Debug|iPhone
		Debug|iPhoneSimulator = Debug|iPhoneSimulator
		Release|iPhone = Release|iPhone
		Release|iPhoneSimulator = Release|iPhoneSimulator
	EndGlobalSection
	GlobalSection(ProjectConfigurationPlatforms) = postSolution
		{400AC06C-C5C9-4D84-B848-21A4BA9C0FD2}.Debug|iPhone.ActiveCfg = Debug|iPhone
		{400AC06C-C5C9-4D84-B848-21A4BA9C0FD2}.Debug|iPhone.Build.0 = Debug|iPhone
		{400AC06C-C5C9-4D84-B848-21A4BA9C0FD2}.Debug|iPhone.Deploy.0 = Debug|iPhone
		{400AC06C-C5C9-4D84-B848-21A4BA9C0FD2}.Debug|iPhoneSimulator.ActiveCfg = Debug|iPhoneSimulator
		{400AC06C-C5C9-4D84-B848-21A4BA9C0FD2}.Debug|iPhoneSimulator.Build.0 = Debug|iPhoneSimulator
		{400AC06C-C5C9-4D84-B848-21A4BA9C0FD2}.Debug|iPhoneSimulator.Deploy.0 = Debug|iPhoneSimulator
		{400AC06C-C5C9-4D84-B848-21A4BA9C0FD2}.Release|iPhone.ActiveCfg = Release|iPhone
		{400AC06C-C5C9-4D84-B848-21A4BA9C0FD2}.Release|iPhone.Build.0 = Release|iPhone
		{400AC06C-C5C9-4D84-B848-21A4BA9C0FD2}.Release|iPhone.Deploy.0 = Release|iPhone
		{400AC06C-C5C9-4D84-B848-21A4BA9C0FD2}.Release|iPhoneSimulator.ActiveCfg = Release|iPhoneSimulator
		{400AC06C-C5C9-4D84-B848-21A4BA9C0FD2}.Release|iPhoneSimulator.Build.0 = Release|iPhoneSimulator
		{400AC06C-C5C9-4D84-B848-21A4BA9C0FD2}.Release|iPhoneSimulator.Deploy.0 = Release|iPhoneSimulator
	EndGlobalSection
	GlobalSection(SolutionProperties) = preSolution
		HideSolutionNode = FALSE
	EndGlobalSection
	GlobalSection(ExtensibilityGlobals) = postSolution
		SolutionGuid = {CBEF3682-E9A2-4BED-A1E5-8894DEB9FB81}
	EndGlobalSection
EndGlobal
